
Microsoft Visual Studio Solution File, Format Version 12.00
# Visual Studio Version 17
VisualStudioVersion = 17.14.36301.6
MinimumVisualStudioVersion = 10.0.40219.1
Project("{2150E333-8FDC-42A3-9474-1A3956D46DE8}") = "Services", "Services", "{02EA681E-C7D8-13C7-8484-4AC65E1B71E8}"
EndProject
Project("{2150E333-8FDC-42A3-9474-1A3956D46DE8}") = "Catalog", "Catalog", "{19C4E632-78D7-42C5-A430-1788A5C77ADF}"
EndProject
Project("{FAE04EC0-301F-11D3-BF4B-00C04F79EFBC}") = "Catalog.API", "Services\Catalog\Catalog.API\Catalog.API.csproj", "{A4427145-8DF7-48D2-8609-7D8147F09402}"
EndProject
Project("{FAE04EC0-301F-11D3-BF4B-00C04F79EFBC}") = "Catalog.Core", "Services\Catalog\Catalog.Core\Catalog.Core.csproj", "{77F63577-3FA3-4624-83CD-3141FA4CB792}"
EndProject
Project("{FAE04EC0-301F-11D3-BF4B-00C04F79EFBC}") = "Catalog.Infrastructure", "Services\Catalog\Catalog.Infrastructure\Catalog.Infrastructure.csproj", "{D4E5DADF-448F-4662-A68C-F14B13533605}"
EndProject
Project("{FAE04EC0-301F-11D3-BF4B-00C04F79EFBC}") = "Catalog.Application", "Services\Catalog\Catalog.Application\Catalog.Application.csproj", "{70D2F1F5-CA28-4F59-9D05-EFFF7A9DD289}"
EndProject
Project("{E53339B2-1760-4266-BCC7-CA923CBCF16C}") = "docker-compose", "docker-compose.dcproj", "{81DDED9D-158B-E303-5F62-77A2896D2A5A}"
EndProject
Global
	GlobalSection(SolutionConfigurationPlatforms) = preSolution
		Debug|Any CPU = Debug|Any CPU
		Release|Any CPU = Release|Any CPU
	EndGlobalSection
	GlobalSection(ProjectConfigurationPlatforms) = postSolution
		{A4427145-8DF7-48D2-8609-7D8147F09402}.Debug|Any CPU.ActiveCfg = Debug|Any CPU
		{A4427145-8DF7-48D2-8609-7D8147F09402}.Debug|Any CPU.Build.0 = Debug|Any CPU
		{A4427145-8DF7-48D2-8609-7D8147F09402}.Release|Any CPU.ActiveCfg = Release|Any CPU
		{A4427145-8DF7-48D2-8609-7D8147F09402}.Release|Any CPU.Build.0 = Release|Any CPU
		{77F63577-3FA3-4624-83CD-3141FA4CB792}.Debug|Any CPU.ActiveCfg = Debug|Any CPU
		{77F63577-3FA3-4624-83CD-3141FA4CB792}.Debug|Any CPU.Build.0 = Debug|Any CPU
		{77F63577-3FA3-4624-83CD-3141FA4CB792}.Release|Any CPU.ActiveCfg = Release|Any CPU
		{77F63577-3FA3-4624-83CD-3141FA4CB792}.Release|Any CPU.Build.0 = Release|Any CPU
		{D4E5DADF-448F-4662-A68C-F14B13533605}.Debug|Any CPU.ActiveCfg = Debug|Any CPU
		{D4E5DADF-448F-4662-A68C-F14B13533605}.Debug|Any CPU.Build.0 = Debug|Any CPU
		{D4E5DADF-448F-4662-A68C-F14B13533605}.Release|Any CPU.ActiveCfg = Release|Any CPU
		{D4E5DADF-448F-4662-A68C-F14B13533605}.Release|Any CPU.Build.0 = Release|Any CPU
		{70D2F1F5-CA28-4F59-9D05-EFFF7A9DD289}.Debug|Any CPU.ActiveCfg = Debug|Any CPU
		{70D2F1F5-CA28-4F59-9D05-EFFF7A9DD289}.Debug|Any CPU.Build.0 = Debug|Any CPU
		{70D2F1F5-CA28-4F59-9D05-EFFF7A9DD289}.Release|Any CPU.ActiveCfg = Release|Any CPU
		{70D2F1F5-CA28-4F59-9D05-EFFF7A9DD289}.Release|Any CPU.Build.0 = Release|Any CPU
		{81DDED9D-158B-E303-5F62-77A2896D2A5A}.Debug|Any CPU.ActiveCfg = Debug|Any CPU
		{81DDED9D-158B-E303-5F62-77A2896D2A5A}.Debug|Any CPU.Build.0 = Debug|Any CPU
		{81DDED9D-158B-E303-5F62-77A2896D2A5A}.Release|Any CPU.ActiveCfg = Release|Any CPU
		{81DDED9D-158B-E303-5F62-77A2896D2A5A}.Release|Any CPU.Build.0 = Release|Any CPU
	EndGlobalSection
	GlobalSection(SolutionProperties) = preSolution
		HideSolutionNode = FALSE
	EndGlobalSection
	GlobalSection(NestedProjects) = preSolution
		{19C4E632-78D7-42C5-A430-1788A5C77ADF} = {02EA681E-C7D8-13C7-8484-4AC65E1B71E8}
		{A4427145-8DF7-48D2-8609-7D8147F09402} = {19C4E632-78D7-42C5-A430-1788A5C77ADF}
		{77F63577-3FA3-4624-83CD-3141FA4CB792} = {19C4E632-78D7-42C5-A430-1788A5C77ADF}
		{D4E5DADF-448F-4662-A68C-F14B13533605} = {19C4E632-78D7-42C5-A430-1788A5C77ADF}
		{70D2F1F5-CA28-4F59-9D05-EFFF7A9DD289} = {19C4E632-78D7-42C5-A430-1788A5C77ADF}
	EndGlobalSection
	GlobalSection(ExtensibilityGlobals) = postSolution
		SolutionGuid = {4A95F702-8FCA-495A-A43E-A098604FC221}
	EndGlobalSection
EndGlobal
